
Microsoft Visual Studio Solution File, Format Version 11.00
# Visual Studio 2010
Project("{FAE04EC0-301F-11D3-BF4B-00C04F79EFBC}") = "libirc", "libirc.csproj", "{944CB47E-0E2F-4371-8291-92CE2C4E68CA}"
EndProject
Global
	GlobalSection(SolutionConfigurationPlatforms) = preSolution
		Debug|Any CPU = Debug|Any CPU
		Release|Any CPU = Release|Any CPU
	EndGlobalSection
	GlobalSection(ProjectConfigurationPlatforms) = postSolution
		{944CB47E-0E2F-4371-8291-92CE2C4E68CA}.Debug|Any CPU.ActiveCfg = Debug|Any CPU
		{944CB47E-0E2F-4371-8291-92CE2C4E68CA}.Debug|Any CPU.Build.0 = Debug|Any CPU
		{944CB47E-0E2F-4371-8291-92CE2C4E68CA}.Release|Any CPU.ActiveCfg = Release|Any CPU
		{944CB47E-0E2F-4371-8291-92CE2C4E68CA}.Release|Any CPU.Build.0 = Release|Any CPU
	EndGlobalSection
	GlobalSection(SolutionProperties) = preSolution
		HideSolutionNode = FALSE
	EndGlobalSection
EndGlobal
